Microsoft Visual Studio Solution File, Format Version 12.00
# Visual Studio Version 17
VisualStudioVersion = 17.5.2.0
MinimumVisualStudioVersion = 10.0.40219.1
Project("{2150E333-8FDC-42A3-9474-1A3956D46DE8}") = "SkChat", "SkChat", "{F4899938-F089-C965-A0D3-0F8531F90316}"
EndProject
Project("{FAE04EC0-301F-11D3-BF4B-00C04F79EFBC}") = "SkChat", "SkChat\SkChat\SkChat.csproj", "{63EA14FE-1DC5-C1B7-E81F-B351C75C676A}"
EndProject
Project("{FAE04EC0-301F-11D3-BF4B-00C04F79EFBC}") = "SkChat.Tests", "SkChat\SkChat.Tests\SkChat.Tests.csproj", "{80AE1755-AB40-33C8-608C-7CB606830453}"
EndProject
Global
	GlobalSection(SolutionConfigurationPlatforms) = preSolution
		Debug|Any CPU = Debug|Any CPU
		Release|Any CPU = Release|Any CPU
	EndGlobalSection
	GlobalSection(ProjectConfigurationPlatforms) = postSolution
		{63EA14FE-1DC5-C1B7-E81F-B351C75C676A}.Debug|Any CPU.ActiveCfg = Debug|Any CPU
		{63EA14FE-1DC5-C1B7-E81F-B351C75C676A}.Debug|Any CPU.Build.0 = Debug|Any CPU
		{63EA14FE-1DC5-C1B7-E81F-B351C75C676A}.Release|Any CPU.ActiveCfg = Release|Any CPU
		{63EA14FE-1DC5-C1B7-E81F-B351C75C676A}.Release|Any CPU.Build.0 = Release|Any CPU
		{80AE1755-AB40-33C8-608C-7CB606830453}.Debug|Any CPU.ActiveCfg = Debug|Any CPU
		{80AE1755-AB40-33C8-608C-7CB606830453}.Debug|Any CPU.Build.0 = Debug|Any CPU
		{80AE1755-AB40-33C8-608C-7CB606830453}.Release|Any CPU.ActiveCfg = Release|Any CPU
		{80AE1755-AB40-33C8-608C-7CB606830453}.Release|Any CPU.Build.0 = Release|Any CPU
	EndGlobalSection
	GlobalSection(SolutionProperties) = preSolution
		HideSolutionNode = FALSE
	EndGlobalSection
	GlobalSection(NestedProjects) = preSolution
		{63EA14FE-1DC5-C1B7-E81F-B351C75C676A} = {F4899938-F089-C965-A0D3-0F8531F90316}
		{80AE1755-AB40-33C8-608C-7CB606830453} = {F4899938-F089-C965-A0D3-0F8531F90316}
	EndGlobalSection
	GlobalSection(ExtensibilityGlobals) = postSolution
		SolutionGuid = {6FD77227-7201-4CE2-9EF2-D519A06650C9}
	EndGlobalSection
EndGlobal
