Microsoft Visual Studio Solution File, Format Version 12.00
# Visual Studio Version 17
VisualStudioVersion = 17.5.2.0
MinimumVisualStudioVersion = 10.0.40219.1
Project("{FAE04EC0-301F-11D3-BF4B-00C04F79EFBC}") = "SkChat", "SkChat.csproj", "{008A05E6-89F6-DC85-D20A-3A7DF4594880}"
EndProject
Global
	GlobalSection(SolutionConfigurationPlatforms) = preSolution
		Debug|Any CPU = Debug|Any CPU
		Release|Any CPU = Release|Any CPU
	EndGlobalSection
	GlobalSection(ProjectConfigurationPlatforms) = postSolution
		{008A05E6-89F6-DC85-D20A-3A7DF4594880}.Debug|Any CPU.ActiveCfg = Debug|Any CPU
		{008A05E6-89F6-DC85-D20A-3A7DF4594880}.Debug|Any CPU.Build.0 = Debug|Any CPU
		{008A05E6-89F6-DC85-D20A-3A7DF4594880}.Release|Any CPU.ActiveCfg = Release|Any CPU
		{008A05E6-89F6-DC85-D20A-3A7DF4594880}.Release|Any CPU.Build.0 = Release|Any CPU
	EndGlobalSection
	GlobalSection(SolutionProperties) = preSolution
		HideSolutionNode = FALSE
	EndGlobalSection
	GlobalSection(ExtensibilityGlobals) = postSolution
		SolutionGuid = {786FD43A-193E-4C9F-A2D4-18C9C0EF299F}
	EndGlobalSection
EndGlobal
